// !$*UTF8*$!
{
	archiveVersion = 1;
	classes = {
	};
	objectVersion = 46;
	objects = {

/* Begin PBXBuildFile section */
		59C7F5508F7EA966CC33E79C /* libPods-ios-2048.a in Frameworks */ = {isa = PBXBuildFile; fileRef = 986CF3E64C0F834EBE42ADF6 /* libPods-ios-2048.a */; };
		C35AB7301A5FF21900118EC4 /* main.m in Sources */ = {isa = PBXBuildFile; fileRef = C35AB72F1A5FF21900118EC4 /* main.m */; };
		C35AB7331A5FF21900118EC4 /* AppDelegate.m in Sources */ = {isa = PBXBuildFile; fileRef = C35AB7321A5FF21900118EC4 /* AppDelegate.m */; };
		C35AB7361A5FF21900118EC4 /* ViewController.m in Sources */ = {isa = PBXBuildFile; fileRef = C35AB7351A5FF21900118EC4 /* ViewController.m */; };
		C35AB7391A5FF21900118EC4 /* Main.storyboard in Resources */ = {isa = PBXBuildFile; fileRef = C35AB7371A5FF21900118EC4 /* Main.storyboard */; };
		C35AB73B1A5FF21900118EC4 /* Images.xcassets in Resources */ = {isa = PBXBuildFile; fileRef = C35AB73A1A5FF21900118EC4 /* Images.xcassets */; };
		C35AB73E1A5FF21900118EC4 /* LaunchScreen.xib in Resources */ = {isa = PBXBuildFile; fileRef = C35AB73C1A5FF21900118EC4 /* LaunchScreen.xib */; };
		C35AB74A1A5FF21900118EC4 /* ios_2048Tests.m in Sources */ = {isa = PBXBuildFile; fileRef = C35AB7491A5FF21900118EC4 /* ios_2048Tests.m */; };
		C35AB7551A5FFD2C00118EC4 /* LTScorePanel.m in Sources */ = {isa = PBXBuildFile; fileRef = C35AB7541A5FFD2C00118EC4 /* LTScorePanel.m */; };
		C35AB7581A5FFD5B00118EC4 /* LTGamePanel.m in Sources */ = {isa = PBXBuildFile; fileRef = C35AB7571A5FFD5B00118EC4 /* LTGamePanel.m */; };
		C35AB75A1A5FFF3D00118EC4 /* default.xcassets in Resources */ = {isa = PBXBuildFile; fileRef = C35AB7591A5FFF3D00118EC4 /* default.xcassets */; };
		C3E1A9BC1A6B83DD00323140 /* LTCard.m in Sources */ = {isa = PBXBuildFile; fileRef = C3E1A9BB1A6B83DD00323140 /* LTCard.m */; };
		C3E5D5191A63C86C0065AD25 /* LTGameViewController.m in Sources */ = {isa = PBXBuildFile; fileRef = C3E5D5171A63C86C0065AD25 /* LTGameViewController.m */; };
		C3E5D51A1A63C86C0065AD25 /* LTGameViewController.xib in Resources */ = {isa = PBXBuildFile; fileRef = C3E5D5181A63C86C0065AD25 /* LTGameViewController.xib */; };
/* End PBXBuildFile section */

/* Begin PBXContainerItemProxy section */
		C35AB7441A5FF21900118EC4 /* PBXContainerItemProxy */ = {
			isa = PBXContainerItemProxy;
			containerPortal = C35AB7221A5FF21800118EC4 /* Project object */;
			proxyType = 1;
			remoteGlobalIDString = C35AB7291A5FF21900118EC4;
			remoteInfo = "ios-2048";
		};
/* End PBXContainerItemProxy section */

/* Begin PBXFileReference section */
		5BB45F5917FEAEC185FFCCDB /* Pods-ios-2048.release.xcconfig */ = {isa = PBXFileReference; includeInIndex = 1; lastKnownFileType = text.xcconfig; name = "Pods-ios-2048.release.xcconfig"; path = "Pods/Target Support Files/Pods-ios-2048/Pods-ios-2048.release.xcconfig"; sourceTree = "<group>"; };
		9783AA956967A67BC0D56A0E /* Pods-ios-2048.debug.xcconfig */ = {isa = PBXFileReference; includeInIndex = 1; lastKnownFileType = text.xcconfig; name = "Pods-ios-2048.debug.xcconfig"; path = "Pods/Target Support Files/Pods-ios-2048/Pods-ios-2048.debug.xcconfig"; sourceTree = "<group>"; };
		986CF3E64C0F834EBE42ADF6 /* libPods-ios-2048.a */ = {isa = PBXFileReference; explicitFileType = archive.ar; includeInIndex = 0; path = "libPods-ios-2048.a"; sourceTree = BUILT_PRODUCTS_DIR; };
		C35AB72A1A5FF21900118EC4 /* ios-2048.app */ = {isa = PBXFileReference; explicitFileType = wrapper.application; includeInIndex = 0; path = "ios-2048.app"; sourceTree = BUILT_PRODUCTS_DIR; };
		C35AB72E1A5FF21900118EC4 /* Info.plist */ = {isa = PBXFileReference; lastKnownFileType = text.plist.xml; path = Info.plist; sourceTree = "<group>"; };
		C35AB72F1A5FF21900118EC4 /* main.m */ = {isa = PBXFileReference; lastKnownFileType = sourcecode.c.objc; path = main.m; sourceTree = "<group>"; };
		C35AB7311A5FF21900118EC4 /* AppDelegate.h */ = {isa = PBXFileReference; lastKnownFileType = sourcecode.c.h; path = AppDelegate.h; sourceTree = "<group>"; };
		C35AB7321A5FF21900118EC4 /* AppDelegate.m */ = {isa = PBXFileReference; lastKnownFileType = sourcecode.c.objc; path = AppDelegate.m; sourceTree = "<group>"; };
		C35AB7341A5FF21900118EC4 /* ViewController.h */ = {isa = PBXFileReference; lastKnownFileType = sourcecode.c.h; path = ViewController.h; sourceTree = "<group>"; };
		C35AB7351A5FF21900118EC4 /* ViewController.m */ = {isa = PBXFileReference; lastKnownFileType = sourcecode.c.objc; path = ViewController.m; sourceTree = "<group>"; };
		C35AB7381A5FF21900118EC4 /* Base */ = {isa = PBXFileReference; lastKnownFileType = file.storyboard; name = Base; path = Base.lproj/Main.storyboard; sourceTree = "<group>"; };
		C35AB73A1A5FF21900118EC4 /* Images.xcassets */ = {isa = PBXFileReference; lastKnownFileType = folder.assetcatalog; path = Images.xcassets; sourceTree = "<group>"; };
		C35AB73D1A5FF21900118EC4 /* Base */ = {isa = PBXFileReference; lastKnownFileType = file.xib; name = Base; path = Base.lproj/LaunchScreen.xib; sourceTree = "<group>"; };
		C35AB7431A5FF21900118EC4 /* ios-2048Tests.xctest */ = {isa = PBXFileReference; explicitFileType = wrapper.cfbundle; includeInIndex = 0; path = "ios-2048Tests.xctest"; sourceTree = BUILT_PRODUCTS_DIR; };
		C35AB7481A5FF21900118EC4 /* Info.plist */ = {isa = PBXFileReference; lastKnownFileType = text.plist.xml; path = Info.plist; sourceTree = "<group>"; };
		C35AB7491A5FF21900118EC4 /* ios_2048Tests.m */ = {isa = PBXFileReference; lastKnownFileType = sourcecode.c.objc; path = ios_2048Tests.m; sourceTree = "<group>"; };
		C35AB7531A5FFD2C00118EC4 /* LTScorePanel.h */ = {isa = PBXFileReference; fileEncoding = 4; lastKnownFileType = sourcecode.c.h; path = LTScorePanel.h; sourceTree = "<group>"; };
		C35AB7541A5FFD2C00118EC4 /* LTScorePanel.m */ = {isa = PBXFileReference; fileEncoding = 4; lastKnownFileType = sourcecode.c.objc; path = LTScorePanel.m; sourceTree = "<group>"; };
		C35AB7561A5FFD5B00118EC4 /* LTGamePanel.h */ = {isa = PBXFileReference; fileEncoding = 4; lastKnownFileType = sourcecode.c.h; path = LTGamePanel.h; sourceTree = "<group>"; };
		C35AB7571A5FFD5B00118EC4 /* LTGamePanel.m */ = {isa = PBXFileReference; fileEncoding = 4; lastKnownFileType = sourcecode.c.objc; path = LTGamePanel.m; sourceTree = "<group>"; };
		C35AB7591A5FFF3D00118EC4 /* default.xcassets */ = {isa = PBXFileReference; lastKnownFileType = folder.assetcatalog; path = default.xcassets; sourceTree = "<group>"; };
		C3E1A9B71A6B83A900323140 /* ios-2048-Bridging-Header.h */ = {isa = PBXFileReference; lastKnownFileType = sourcecode.c.h; path = "ios-2048-Bridging-Header.h"; sourceTree = "<group>"; };
		C3E1A9BA1A6B83DD00323140 /* LTCard.h */ = {isa = PBXFileReference; fileEncoding = 4; lastKnownFileType = sourcecode.c.h; name = LTCard.h; path = ../LTCard.h; sourceTree = "<group>"; };
		C3E1A9BB1A6B83DD00323140 /* LTCard.m */ = {isa = PBXFileReference; fileEncoding = 4; lastKnownFileType = sourcecode.c.objc; name = LTCard.m; path = ../LTCard.m; sourceTree = "<group>"; };
		C3E5D5161A63C86C0065AD25 /* LTGameViewController.h */ = {isa = PBXFileReference; fileEncoding = 4; lastKnownFileType = sourcecode.c.h; path = LTGameViewController.h; sourceTree = "<group>"; };
		C3E5D5171A63C86C0065AD25 /* LTGameViewController.m */ = {isa = PBXFileReference; fileEncoding = 4; lastKnownFileType = sourcecode.c.objc; path = LTGameViewController.m; sourceTree = "<group>"; };
		C3E5D5181A63C86C0065AD25 /* LTGameViewController.xib */ = {isa = PBXFileReference; fileEncoding = 4; lastKnownFileType = file.xib; path = LTGameViewController.xib; sourceTree = "<group>"; };
/* End PBXFileReference section */

/* Begin PBXFrameworksBuildPhase section */
		C35AB7271A5FF21900118EC4 /* Frameworks */ = {
			isa = PBXFrameworksBuildPhase;
			buildActionMask = 2147483647;
			files = (
				59C7F5508F7EA966CC33E79C /* libPods-ios-2048.a in Frameworks */,
			);
			runOnlyForDeploymentPostprocessing = 0;
		};
		C35AB7401A5FF21900118EC4 /* Frameworks */ = {
			isa = PBXFrameworksBuildPhase;
			buildActionMask = 2147483647;
			files = (
			);
			runOnlyForDeploymentPostprocessing = 0;
		};
/* End PBXFrameworksBuildPhase section */

/* Begin PBXGroup section */
		436C7D11B7BE3AA3D2D62153 /* Pods */ = {
			isa = PBXGroup;
			children = (
				9783AA956967A67BC0D56A0E /* Pods-ios-2048.debug.xcconfig */,
				5BB45F5917FEAEC185FFCCDB /* Pods-ios-2048.release.xcconfig */,
			);
			name = Pods;
			sourceTree = "<group>";
		};
		BBE6C0454C888DF002FFB4B4 /* Frameworks */ = {
			isa = PBXGroup;
			children = (
				986CF3E64C0F834EBE42ADF6 /* libPods-ios-2048.a */,
			);
			name = Frameworks;
			sourceTree = "<group>";
		};
		C35AB7211A5FF21800118EC4 = {
			isa = PBXGroup;
			children = (
				C35AB72C1A5FF21900118EC4 /* ios-2048 */,
				C35AB7461A5FF21900118EC4 /* ios-2048Tests */,
				C35AB72B1A5FF21900118EC4 /* Products */,
				436C7D11B7BE3AA3D2D62153 /* Pods */,
				BBE6C0454C888DF002FFB4B4 /* Frameworks */,
				C3E1A9B71A6B83A900323140 /* ios-2048-Bridging-Header.h */,
			);
			sourceTree = "<group>";
		};
		C35AB72B1A5FF21900118EC4 /* Products */ = {
			isa = PBXGroup;
			children = (
				C35AB72A1A5FF21900118EC4 /* ios-2048.app */,
				C35AB7431A5FF21900118EC4 /* ios-2048Tests.xctest */,
			);
			name = Products;
			sourceTree = "<group>";
		};
		C35AB72C1A5FF21900118EC4 /* ios-2048 */ = {
			isa = PBXGroup;
			children = (
				C3E1A9BA1A6B83DD00323140 /* LTCard.h */,
				C3E1A9BB1A6B83DD00323140 /* LTCard.m */,
				C35AB7311A5FF21900118EC4 /* AppDelegate.h */,
				C35AB7321A5FF21900118EC4 /* AppDelegate.m */,
				C35AB7341A5FF21900118EC4 /* ViewController.h */,
				C35AB7351A5FF21900118EC4 /* ViewController.m */,
				C35AB7371A5FF21900118EC4 /* Main.storyboard */,
				C35AB73A1A5FF21900118EC4 /* Images.xcassets */,
				C35AB73C1A5FF21900118EC4 /* LaunchScreen.xib */,
				C35AB72D1A5FF21900118EC4 /* Supporting Files */,
				C35AB7531A5FFD2C00118EC4 /* LTScorePanel.h */,
				C35AB7541A5FFD2C00118EC4 /* LTScorePanel.m */,
				C35AB7561A5FFD5B00118EC4 /* LTGamePanel.h */,
				C35AB7571A5FFD5B00118EC4 /* LTGamePanel.m */,
				C35AB7591A5FFF3D00118EC4 /* default.xcassets */,
				C3E5D5161A63C86C0065AD25 /* LTGameViewController.h */,
				C3E5D5171A63C86C0065AD25 /* LTGameViewController.m */,
				C3E5D5181A63C86C0065AD25 /* LTGameViewController.xib */,
			);
			path = "ios-2048";
			sourceTree = "<group>";
		};
		C35AB72D1A5FF21900118EC4 /* Supporting Files */ = {
			isa = PBXGroup;
			children = (
				C35AB72E1A5FF21900118EC4 /* Info.plist */,
				C35AB72F1A5FF21900118EC4 /* main.m */,
			);
			name = "Supporting Files";
			sourceTree = "<group>";
		};
		C35AB7461A5FF21900118EC4 /* ios-2048Tests */ = {
			isa = PBXGroup;
			children = (
				C35AB7491A5FF21900118EC4 /* ios_2048Tests.m */,
				C35AB7471A5FF21900118EC4 /* Supporting Files */,
			);
			path = "ios-2048Tests";
			sourceTree = "<group>";
		};
		C35AB7471A5FF21900118EC4 /* Supporting Files */ = {
			isa = PBXGroup;
			children = (
				C35AB7481A5FF21900118EC4 /* Info.plist */,
			);
			name = "Supporting Files";
			sourceTree = "<group>";
		};
/* End PBXGroup section */

/* Begin PBXNativeTarget section */
		C35AB7291A5FF21900118EC4 /* ios-2048 */ = {
			isa = PBXNativeTarget;
			buildConfigurationList = C35AB74D1A5FF21900118EC4 /* Build configuration list for PBXNativeTarget "ios-2048" */;
			buildPhases = (
				6A16DD7B1CC6BD78900DEB1D /* Check Pods Manifest.lock */,
				C35AB7261A5FF21900118EC4 /* Sources */,
				C35AB7271A5FF21900118EC4 /* Frameworks */,
				C35AB7281A5FF21900118EC4 /* Resources */,
				7418768748E742FCCBCC872A /* Copy Pods Resources */,
			);
			buildRules = (
			);
			dependencies = (
			);
			name = "ios-2048";
			productName = "ios-2048";
			productReference = C35AB72A1A5FF21900118EC4 /* ios-2048.app */;
			productType = "com.apple.product-type.application";
		};
		C35AB7421A5FF21900118EC4 /* ios-2048Tests */ = {
			isa = PBXNativeTarget;
			buildConfigurationList = C35AB7501A5FF21900118EC4 /* Build configuration list for PBXNativeTarget "ios-2048Tests" */;
			buildPhases = (
				C35AB73F1A5FF21900118EC4 /* Sources */,
				C35AB7401A5FF21900118EC4 /* Frameworks */,
				C35AB7411A5FF21900118EC4 /* Resources */,
			);
			buildRules = (
			);
			dependencies = (
				C35AB7451A5FF21900118EC4 /* PBXTargetDependency */,
			);
			name = "ios-2048Tests";
			productName = "ios-2048Tests";
			productReference = C35AB7431A5FF21900118EC4 /* ios-2048Tests.xctest */;
			productType = "com.apple.product-type.bundle.unit-test";
		};
/* End PBXNativeTarget section */

/* Begin PBXProject section */
		C35AB7221A5FF21800118EC4 /* Project object */ = {
			isa = PBXProject;
			attributes = {
				LastUpgradeCheck = 0610;
				ORGANIZATIONNAME = lemontree;
				TargetAttributes = {
					C35AB7291A5FF21900118EC4 = {
						CreatedOnToolsVersion = 6.1.1;
					};
					C35AB7421A5FF21900118EC4 = {
						CreatedOnToolsVersion = 6.1.1;
						TestTargetID = C35AB7291A5FF21900118EC4;
					};
				};
			};
			buildConfigurationList = C35AB7251A5FF21800118EC4 /* Build configuration list for PBXProject "ios-2048" */;
			compatibilityVersion = "Xcode 3.2";
			developmentRegion = English;
			hasScannedForEncodings = 0;
			knownRegions = (
				en,
				Base,
			);
			mainGroup = C35AB7211A5FF21800118EC4;
			productRefGroup = C35AB72B1A5FF21900118EC4 /* Products */;
			projectDirPath = "";
			projectRoot = "";
			targets = (
				C35AB7291A5FF21900118EC4 /* ios-2048 */,
				C35AB7421A5FF21900118EC4 /* ios-2048Tests */,
			);
		};
/* End PBXProject section */

/* Begin PBXResourcesBuildPhase section */
		C35AB7281A5FF21900118EC4 /* Resources */ = {
			isa = PBXResourcesBuildPhase;
			buildActionMask = 2147483647;
			files = (
				C35AB7391A5FF21900118EC4 /* Main.storyboard in Resources */,
				C35AB75A1A5FFF3D00118EC4 /* default.xcassets in Resources */,
				C35AB73E1A5FF21900118EC4 /* LaunchScreen.xib in Resources */,
				C35AB73B1A5FF21900118EC4 /* Images.xcassets in Resources */,
				C3E5D51A1A63C86C0065AD25 /* LTGameViewController.xib in Resources */,
			);
			runOnlyForDeploymentPostprocessing = 0;
		};
		C35AB7411A5FF21900118EC4 /* Resources */ = {
			isa = PBXResourcesBuildPhase;
			buildActionMask = 2147483647;
			files = (
			);
			runOnlyForDeploymentPostprocessing = 0;
		};
/* End PBXResourcesBuildPhase section */

/* Begin PBXShellScriptBuildPhase section */
		6A16DD7B1CC6BD78900DEB1D /* Check Pods Manifest.lock */ = {
			isa = PBXShellScriptBuildPhase;
			buildActionMask = 2147483647;
			files = (
			);
			inputPaths = (
			);
			name = "Check Pods Manifest.lock";
			outputPaths = (
			);
			runOnlyForDeploymentPostprocessing = 0;
			shellPath = /bin/sh;
			shellScript = "diff \"${PODS_ROOT}/../Podfile.lock\" \"${PODS_ROOT}/Manifest.lock\" > /dev/null\nif [[ $? != 0 ]] ; then\n    cat << EOM\nerror: The sandbox is not in sync with the Podfile.lock. Run 'pod install' or update your CocoaPods installation.\nEOM\n    exit 1\nfi\n";
			showEnvVarsInLog = 0;
		};
		7418768748E742FCCBCC872A /* Copy Pods Resources */ = {
			isa = PBXShellScriptBuildPhase;
			buildActionMask = 2147483647;
			files = (
			);
			inputPaths = (
			);
			name = "Copy Pods Resources";
			outputPaths = (
			);
			runOnlyForDeploymentPostprocessing = 0;
			shellPath = /bin/sh;
			shellScript = "\"${SRCROOT}/Pods/Target Support Files/Pods-ios-2048/Pods-ios-2048-resources.sh\"\n";
			showEnvVarsInLog = 0;
		};
/* End PBXShellScriptBuildPhase section */

/* Begin PBXSourcesBuildPhase section */
		C35AB7261A5FF21900118EC4 /* Sources */ = {
			isa = PBXSourcesBuildPhase;
			buildActionMask = 2147483647;
			files = (
				C35AB7361A5FF21900118EC4 /* ViewController.m in Sources */,
				C35AB7551A5FFD2C00118EC4 /* LTScorePanel.m in Sources */,
				C35AB7331A5FF21900118EC4 /* AppDelegate.m in Sources */,
				C3E1A9BC1A6B83DD00323140 /* LTCard.m in Sources */,
				C35AB7581A5FFD5B00118EC4 /* LTGamePanel.m in Sources */,
				C3E5D5191A63C86C0065AD25 /* LTGameViewController.m in Sources */,
				C35AB7301A5FF21900118EC4 /* main.m in Sources */,
			);
			runOnlyForDeploymentPostprocessing = 0;
		};
		C35AB73F1A5FF21900118EC4 /* Sources */ = {
			isa = PBXSourcesBuildPhase;
			buildActionMask = 2147483647;
			files = (
				C35AB74A1A5FF21900118EC4 /* ios_2048Tests.m in Sources */,
			);
			runOnlyForDeploymentPostprocessing = 0;
		};
/* End PBXSourcesBuildPhase section */

/* Begin PBXTargetDependency section */
		C35AB7451A5FF21900118EC4 /* PBXTargetDependency */ = {
			isa = PBXTargetDependency;
			target = C35AB7291A5FF21900118EC4 /* ios-2048 */;
			targetProxy = C35AB7441A5FF21900118EC4 /* PBXContainerItemProxy */;
		};
/* End PBXTargetDependency section */

/* Begin PBXVariantGroup section */
		C35AB7371A5FF21900118EC4 /* Main.storyboard */ = {
			isa = PBXVariantGroup;
			children = (
				C35AB7381A5FF21900118EC4 /* Base */,
			);
			name = Main.storyboard;
			sourceTree = "<group>";
		};
		C35AB73C1A5FF21900118EC4 /* LaunchScreen.xib */ = {
			isa = PBXVariantGroup;
			children = (
				C35AB73D1A5FF21900118EC4 /* Base */,
			);
			name = LaunchScreen.xib;
			sourceTree = "<group>";
		};
/* End PBXVariantGroup section */

/* Begin XCBuildConfiguration section */
		C35AB74B1A5FF21900118EC4 /* Debug */ = {
			isa = XCBuildConfiguration;
			buildSettings = {
				ALWAYS_SEARCH_USER_PATHS = NO;
				CLANG_CXX_LANGUAGE_STANDARD = "gnu++0x";
				CLANG_CXX_LIBRARY = "libc++";
				CLANG_ENABLE_MODULES = YES;
				CLANG_ENABLE_OBJC_ARC = YES;
				CLANG_WARN_BOOL_CONVERSION = YES;
				CLANG_WARN_CONSTANT_CONVERSION = YES;
				CLANG_WARN_DIRECT_OBJC_ISA_USAGE = YES_ERROR;
				CLANG_WARN_EMPTY_BODY = YES;
				CLANG_WARN_ENUM_CONVERSION = YES;
				CLANG_WARN_INT_CONVERSION = YES;
				CLANG_WARN_OBJC_ROOT_CLASS = YES_ERROR;
				CLANG_WARN_UNREACHABLE_CODE = YES;
				CLANG_WARN__DUPLICATE_METHOD_MATCH = YES;
				"CODE_SIGN_IDENTITY[sdk=iphoneos*]" = "iPhone Developer";
				COPY_PHASE_STRIP = NO;
				ENABLE_STRICT_OBJC_MSGSEND = YES;
				GCC_C_LANGUAGE_STANDARD = gnu99;
				GCC_DYNAMIC_NO_PIC = NO;
				GCC_OPTIMIZATION_LEVEL = 0;
				GCC_PREPROCESSOR_DEFINITIONS = (
					"DEBUG=1",
					"$(inherited)",
				);
				GCC_SYMBOLS_PRIVATE_EXTERN = NO;
				GCC_WARN_64_TO_32_BIT_CONVERSION = YES;
				GCC_WARN_ABOUT_RETURN_TYPE = YES_ERROR;
				GCC_WARN_UNDECLARED_SELECTOR = YES;
				GCC_WARN_UNINITIALIZED_AUTOS = YES_AGGRESSIVE;
				GCC_WARN_UNUSED_FUNCTION = YES;
				GCC_WARN_UNUSED_VARIABLE = YES;
				IPHONEOS_DEPLOYMENT_TARGET = 8.1;
				MTL_ENABLE_DEBUG_INFO = YES;
				ONLY_ACTIVE_ARCH = YES;
				SDKROOT = iphoneos;
			};
			name = Debug;
		};
		C35AB74C1A5FF21900118EC4 /* Release */ = {
			isa = XCBuildConfiguration;
			buildSettings = {
				ALWAYS_SEARCH_USER_PATHS = NO;
				CLANG_CXX_LANGUAGE_STANDARD = "gnu++0x";
				CLANG_CXX_LIBRARY = "libc++";
				CLANG_ENABLE_MODULES = YES;
				CLANG_ENABLE_OBJC_ARC = YES;
				CLANG_WARN_BOOL_CONVERSION = YES;
				CLANG_WARN_CONSTANT_CONVERSION = YES;
				CLANG_WARN_DIRECT_OBJC_ISA_USAGE = YES_ERROR;
				CLANG_WARN_EMPTY_BODY = YES;
				CLANG_WARN_ENUM_CONVERSION = YES;
				CLANG_WARN_INT_CONVERSION = YES;
				CLANG_WARN_OBJC_ROOT_CLASS = YES_ERROR;
				CLANG_WARN_UNREACHABLE_CODE = YES;
				CLANG_WARN__DUPLICATE_METHOD_MATCH = YES;
				"CODE_SIGN_IDENTITY[sdk=iphoneos*]" = "iPhone Developer";
				COPY_PHASE_STRIP = YES;
				ENABLE_NS_ASSERTIONS = NO;
				ENABLE_STRICT_OBJC_MSGSEND = YES;
				GCC_C_LANGUAGE_STANDARD = gnu99;
				GCC_WARN_64_TO_32_BIT_CONVERSION = YES;
				GCC_WARN_ABOUT_RETURN_TYPE = YES_ERROR;
				GCC_WARN_UNDECLARED_SELECTOR = YES;
				GCC_WARN_UNINITIALIZED_AUTOS = YES_AGGRESSIVE;
				GCC_WARN_UNUSED_FUNCTION = YES;
				GCC_WARN_UNUSED_VARIABLE = YES;
				IPHONEOS_DEPLOYMENT_TARGET = 8.1;
				MTL_ENABLE_DEBUG_INFO = NO;
				SDKROOT = iphoneos;
				VALIDATE_PRODUCT = YES;
			};
			name = Release;
		};
		C35AB74E1A5FF21900118EC4 /* Debug */ = {
			isa = XCBuildConfiguration;
			baseConfigurationReference = 9783AA956967A67BC0D56A0E /* Pods-ios-2048.debug.xcconfig */;
			buildSettings = {
				ASSETCATALOG_COMPILER_APPICON_NAME = AppIcon;
				CLANG_ENABLE_MODULES = YES;
				INFOPLIST_FILE = "ios-2048/Info.plist";
				IPHONEOS_DEPLOYMENT_TARGET = 7.0;
				LD_RUNPATH_SEARCH_PATHS = "$(inherited) @executable_path/Frameworks";
				PRODUCT_NAME = "$(TARGET_NAME)";
				SWIFT_OBJC_BRIDGING_HEADER = "ios-2048-Bridging-Header.h";
				SWIFT_OPTIMIZATION_LEVEL = "-Onone";
			};
			name = Debug;
		};
		C35AB74F1A5FF21900118EC4 /* Release */ = {
			isa = XCBuildConfiguration;
			baseConfigurationReference = 5BB45F5917FEAEC185FFCCDB /* Pods-ios-2048.release.xcconfig */;
			buildSettings = {
				ASSETCATALOG_COMPILER_APPICON_NAME = AppIcon;
				CLANG_ENABLE_MODULES = YES;
				INFOPLIST_FILE = "ios-2048/Info.plist";
				IPHONEOS_DEPLOYMENT_TARGET = 7.0;
				LD_RUNPATH_SEARCH_PATHS = "$(inherited) @executable_path/Frameworks";
				PRODUCT_NAME = "$(TARGET_NAME)";
				SWIFT_OBJC_BRIDGING_HEADER = "ios-2048-Bridging-Header.h";
			};
			name = Release;
		};
		C35AB7511A5FF21900118EC4 /* Debug */ = {
			isa = XCBuildConfiguration;
			buildSettings = {
				BUNDLE_LOADER = "$(TEST_HOST)";
				FRAMEWORK_SEARCH_PATHS = (
					"$(SDKROOT)/Developer/Library/Frameworks",
					"$(inherited)",
				);
				GCC_PREPROCESSOR_DEFINITIONS = (
					"DEBUG=1",
					"$(inherited)",
				);
				INFOPLIST_FILE = "ios-2048Tests/Info.plist";
				LD_RUNPATH_SEARCH_PATHS = "$(inherited) @executable_path/Frameworks @loader_path/Frameworks";
				PRODUCT_NAME = "$(TARGET_NAME)";
				TEST_HOST = "$(BUILT_PRODUCTS_DIR)/ios-2048.app/ios-2048";
			};
			name = Debug;
		};
		C35AB7521A5FF21900118EC4 /* Release */ = {
			isa = XCBuildConfiguration;
			buildSettings = {
				BUNDLE_LOADER = "$(TEST_HOST)";
				FRAMEWORK_SEARCH_PATHS = (
					"$(SDKROOT)/Developer/Library/Frameworks",
					"$(inherited)",
				);
				INFOPLIST_FILE = "ios-2048Tests/Info.plist";
				LD_RUNPATH_SEARCH_PATHS = "$(inherited) @executable_path/Frameworks @loader_path/Frameworks";
				PRODUCT_NAME = "$(TARGET_NAME)";
				TEST_HOST = "$(BUILT_PRODUCTS_DIR)/ios-2048.app/ios-2048";
			};
			name = Release;
		};
/* End XCBuildConfiguration section */

/* Begin XCConfigurationList section */
		C35AB7251A5FF21800118EC4 /* Build configuration list for PBXProject "ios-2048" */ = {
			isa = XCConfigurationList;
			buildConfigurations = (
				C35AB74B1A5FF21900118EC4 /* Debug */,
				C35AB74C1A5FF21900118EC4 /* Release */,
			);
			defaultConfigurationIsVisible = 0;
			defaultConfigurationName = Release;
		};
		C35AB74D1A5FF21900118EC4 /* Build configuration list for PBXNativeTarget "ios-2048" */ = {
			isa = XCConfigurationList;
			buildConfigurations = (
				C35AB74E1A5FF21900118EC4 /* Debug */,
				C35AB74F1A5FF21900118EC4 /* Release */,
			);
			defaultConfigurationIsVisible = 0;
			defaultConfigurationName = Release;
		};
		C35AB7501A5FF21900118EC4 /* Build configuration list for PBXNativeTarget "ios-2048Tests" */ = {
			isa = XCConfigurationList;
			buildConfigurations = (
				C35AB7511A5FF21900118EC4 /* Debug */,
				C35AB7521A5FF21900118EC4 /* Release */,
			);
			defaultConfigurationIsVisible = 0;
			defaultConfigurationName = Release;
		};
/* End XCConfigurationList section */
	};
	rootObject = C35AB7221A5FF21800118EC4 /* Project object */;
}
